// !$*UTF8*$!
{
	archiveVersion = 1;
	classes = {
	};
	objectVersion = 46;
	objects = {

/* Begin PBXBuildFile section */
		D528742218E5FF3300799F4F /* WHApplication.cpp in Sources */ = {isa = PBXBuildFile; fileRef = D528742118E5FF3300799F4F /* WHApplication.cpp */; };
		D528742518E5FF3300799F4F /* WHWorld.cpp in Sources */ = {isa = PBXBuildFile; fileRef = D528742418E5FF3300799F4F /* WHWorld.cpp */; };
		D528742918E5FF3300799F4F /* main.cpp in Sources */ = {isa = PBXBuildFile; fileRef = D528742818E5FF3300799F4F /* main.cpp */; };
		D528742C18E5FF3300799F4F /* The White House-Prefix.pch in Headers */ = {isa = PBXBuildFile; fileRef = D528742B18E5FF3300799F4F /* The White House-Prefix.pch */; };
		D52E57A518E6D40900D693B8 /* WHBalloon.cpp in Sources */ = {isa = PBXBuildFile; fileRef = D52E57A318E6D40900D693B8 /* WHBalloon.cpp */; };
		D52E57A618E6D40900D693B8 /* WHBalloon.h in Headers */ = {isa = PBXBuildFile; fileRef = D52E57A418E6D40900D693B8 /* WHBalloon.h */; };
		D52E57A918E70BA800D693B8 /* WHSplatter.cpp in Sources */ = {isa = PBXBuildFile; fileRef = D52E57A718E70BA700D693B8 /* WHSplatter.cpp */; };
		D52E57AA18E70BA800D693B8 /* WHSplatter.h in Headers */ = {isa = PBXBuildFile; fileRef = D52E57A818E70BA700D693B8 /* WHSplatter.h */; };
		D52E57AD18E7149000D693B8 /* WHDoor.cpp in Sources */ = {isa = PBXBuildFile; fileRef = D52E57AB18E7149000D693B8 /* WHDoor.cpp */; };
		D52E57AE18E7149000D693B8 /* WHDoor.h in Headers */ = {isa = PBXBuildFile; fileRef = D52E57AC18E7149000D693B8 /* WHDoor.h */; };
		E9505DB418E78FE80010DC55 /* WHDecoy.cpp in Sources */ = {isa = PBXBuildFile; fileRef = E9505DB218E78FE80010DC55 /* WHDecoy.cpp */; };
		E9505DB518E78FE80010DC55 /* WHDecoy.h in Headers */ = {isa = PBXBuildFile; fileRef = E9505DB318E78FE80010DC55 /* WHDecoy.h */; };
		E950E5D918E636C200898C17 /* WHStaticEntity.cpp in Sources */ = {isa = PBXBuildFile; fileRef = E950E5D718E636C200898C17 /* WHStaticEntity.cpp */; };
		E950E5DA18E636C200898C17 /* WHStaticEntity.h in Headers */ = {isa = PBXBuildFile; fileRef = E950E5D818E636C200898C17 /* WHStaticEntity.h */; };
		E950E5DD18E64BE000898C17 /* WHCritter.cpp in Sources */ = {isa = PBXBuildFile; fileRef = E950E5DB18E64BE000898C17 /* WHCritter.cpp */; };
		E950E5DE18E64BE000898C17 /* WHCritter.h in Headers */ = {isa = PBXBuildFile; fileRef = E950E5DC18E64BE000898C17 /* WHCritter.h */; };
		E950E66118E740B100898C17 /* DebugDraw.h in Headers */ = {isa = PBXBuildFile; fileRef = E950E61D18E740B100898C17 /* DebugDraw.h */; };
		E950E66218E740B100898C17 /* DetourDebugDraw.h in Headers */ = {isa = PBXBuildFile; fileRef = E950E61E18E740B100898C17 /* DetourDebugDraw.h */; };
		E950E66318E740B100898C17 /* RecastDebugDraw.h in Headers */ = {isa = PBXBuildFile; fileRef = E950E61F18E740B100898C17 /* RecastDebugDraw.h */; };
		E950E66418E740B100898C17 /* RecastDump.h in Headers */ = {isa = PBXBuildFile; fileRef = E950E62018E740B100898C17 /* RecastDump.h */; };
		E950E66518E740B100898C17 /* DebugDraw.cpp in Sources */ = {isa = PBXBuildFile; fileRef = E950E62218E740B100898C17 /* DebugDraw.cpp */; };
		E950E66618E740B100898C17 /* DetourDebugDraw.cpp in Sources */ = {isa = PBXBuildFile; fileRef = E950E62318E740B100898C17 /* DetourDebugDraw.cpp */; };
		E950E66718E740B100898C17 /* RecastDebugDraw.cpp in Sources */ = {isa = PBXBuildFile; fileRef = E950E62418E740B100898C17 /* RecastDebugDraw.cpp */; };
		E950E66818E740B100898C17 /* RecastDump.cpp in Sources */ = {isa = PBXBuildFile; fileRef = E950E62518E740B100898C17 /* RecastDump.cpp */; };
		E950E66918E740B100898C17 /* DetourAlloc.h in Headers */ = {isa = PBXBuildFile; fileRef = E950E62918E740B100898C17 /* DetourAlloc.h */; };
		E950E66A18E740B100898C17 /* DetourAssert.h in Headers */ = {isa = PBXBuildFile; fileRef = E950E62A18E740B100898C17 /* DetourAssert.h */; };
		E950E66B18E740B100898C17 /* DetourCommon.h in Headers */ = {isa = PBXBuildFile; fileRef = E950E62B18E740B100898C17 /* DetourCommon.h */; };
		E950E66C18E740B100898C17 /* DetourNavMesh.h in Headers */ = {isa = PBXBuildFile; fileRef = E950E62C18E740B100898C17 /* DetourNavMesh.h */; };
		E950E66D18E740B100898C17 /* DetourNavMeshBuilder.h in Headers */ = {isa = PBXBuildFile; fileRef = E950E62D18E740B100898C17 /* DetourNavMeshBuilder.h */; };
		E950E66E18E740B100898C17 /* DetourNavMeshQuery.h in Headers */ = {isa = PBXBuildFile; fileRef = E950E62E18E740B100898C17 /* DetourNavMeshQuery.h */; };
		E950E66F18E740B100898C17 /* DetourNode.h in Headers */ = {isa = PBXBuildFile; fileRef = E950E62F18E740B100898C17 /* DetourNode.h */; };
		E950E67018E740B100898C17 /* DetourStatus.h in Headers */ = {isa = PBXBuildFile; fileRef = E950E63018E740B100898C17 /* DetourStatus.h */; };
		E950E67118E740B100898C17 /* DetourAlloc.cpp in Sources */ = {isa = PBXBuildFile; fileRef = E950E63218E740B100898C17 /* DetourAlloc.cpp */; };
		E950E67218E740B100898C17 /* DetourCommon.cpp in Sources */ = {isa = PBXBuildFile; fileRef = E950E63318E740B100898C17 /* DetourCommon.cpp */; };
		E950E67318E740B100898C17 /* DetourNavMesh.cpp in Sources */ = {isa = PBXBuildFile; fileRef = E950E63418E740B100898C17 /* DetourNavMesh.cpp */; };
		E950E67418E740B100898C17 /* DetourNavMeshBuilder.cpp in Sources */ = {isa = PBXBuildFile; fileRef = E950E63518E740B100898C17 /* DetourNavMeshBuilder.cpp */; };
		E950E67518E740B100898C17 /* DetourNavMeshQuery.cpp in Sources */ = {isa = PBXBuildFile; fileRef = E950E63618E740B100898C17 /* DetourNavMeshQuery.cpp */; };
		E950E67618E740B100898C17 /* DetourNode.cpp in Sources */ = {isa = PBXBuildFile; fileRef = E950E63718E740B100898C17 /* DetourNode.cpp */; };
		E950E67718E740B100898C17 /* DetourCrowd.h in Headers */ = {isa = PBXBuildFile; fileRef = E950E63B18E740B100898C17 /* DetourCrowd.h */; };
		E950E67818E740B100898C17 /* DetourLocalBoundary.h in Headers */ = {isa = PBXBuildFile; fileRef = E950E63C18E740B100898C17 /* DetourLocalBoundary.h */; };
		E950E67918E740B100898C17 /* DetourObstacleAvoidance.h in Headers */ = {isa = PBXBuildFile; fileRef = E950E63D18E740B100898C17 /* DetourObstacleAvoidance.h */; };
		E950E67A18E740B100898C17 /* DetourPathCorridor.h in Headers */ = {isa = PBXBuildFile; fileRef = E950E63E18E740B100898C17 /* DetourPathCorridor.h */; };
		E950E67B18E740B100898C17 /* DetourPathQueue.h in Headers */ = {isa = PBXBuildFile; fileRef = E950E63F18E740B100898C17 /* DetourPathQueue.h */; };
		E950E67C18E740B100898C17 /* DetourProximityGrid.h in Headers */ = {isa = PBXBuildFile; fileRef = E950E64018E740B100898C17 /* DetourProximityGrid.h */; };
		E950E67D18E740B100898C17 /* DetourCrowd.cpp in Sources */ = {isa = PBXBuildFile; fileRef = E950E64218E740B100898C17 /* DetourCrowd.cpp */; };
		E950E67E18E740B100898C17 /* DetourLocalBoundary.cpp in Sources */ = {isa = PBXBuildFile; fileRef = E950E64318E740B100898C17 /* DetourLocalBoundary.cpp */; };
		E950E67F18E740B100898C17 /* DetourObstacleAvoidance.cpp in Sources */ = {isa = PBXBuildFile; fileRef = E950E64418E740B100898C17 /* DetourObstacleAvoidance.cpp */; };
		E950E68018E740B100898C17 /* DetourPathCorridor.cpp in Sources */ = {isa = PBXBuildFile; fileRef = E950E64518E740B100898C17 /* DetourPathCorridor.cpp */; };
		E950E68118E740B100898C17 /* DetourPathQueue.cpp in Sources */ = {isa = PBXBuildFile; fileRef = E950E64618E740B100898C17 /* DetourPathQueue.cpp */; };
		E950E68218E740B100898C17 /* DetourProximityGrid.cpp in Sources */ = {isa = PBXBuildFile; fileRef = E950E64718E740B100898C17 /* DetourProximityGrid.cpp */; };
		E950E68318E740B100898C17 /* DetourTileCache.h in Headers */ = {isa = PBXBuildFile; fileRef = E950E64B18E740B100898C17 /* DetourTileCache.h */; };
		E950E68418E740B100898C17 /* DetourTileCacheBuilder.h in Headers */ = {isa = PBXBuildFile; fileRef = E950E64C18E740B100898C17 /* DetourTileCacheBuilder.h */; };
		E950E68518E740B100898C17 /* DetourTileCache.cpp in Sources */ = {isa = PBXBuildFile; fileRef = E950E64E18E740B100898C17 /* DetourTileCache.cpp */; };
		E950E68618E740B100898C17 /* DetourTileCacheBuilder.cpp in Sources */ = {isa = PBXBuildFile; fileRef = E950E64F18E740B100898C17 /* DetourTileCacheBuilder.cpp */; };
		E950E68718E740B100898C17 /* Recast.h in Headers */ = {isa = PBXBuildFile; fileRef = E950E65318E740B100898C17 /* Recast.h */; };
		E950E68818E740B100898C17 /* RecastAlloc.h in Headers */ = {isa = PBXBuildFile; fileRef = E950E65418E740B100898C17 /* RecastAlloc.h */; };
		E950E68918E740B100898C17 /* RecastAssert.h in Headers */ = {isa = PBXBuildFile; fileRef = E950E65518E740B100898C17 /* RecastAssert.h */; };
		E950E68A18E740B100898C17 /* Recast.cpp in Sources */ = {isa = PBXBuildFile; fileRef = E950E65718E740B100898C17 /* Recast.cpp */; };
		E950E68B18E740B100898C17 /* RecastAlloc.cpp in Sources */ = {isa = PBXBuildFile; fileRef = E950E65818E740B100898C17 /* RecastAlloc.cpp */; };
		E950E68C18E740B100898C17 /* RecastArea.cpp in Sources */ = {isa = PBXBuildFile; fileRef = E950E65918E740B100898C17 /* RecastArea.cpp */; };
		E950E68D18E740B100898C17 /* RecastContour.cpp in Sources */ = {isa = PBXBuildFile; fileRef = E950E65A18E740B100898C17 /* RecastContour.cpp */; };
		E950E68E18E740B100898C17 /* RecastFilter.cpp in Sources */ = {isa = PBXBuildFile; fileRef = E950E65B18E740B100898C17 /* RecastFilter.cpp */; };
		E950E68F18E740B100898C17 /* RecastLayers.cpp in Sources */ = {isa = PBXBuildFile; fileRef = E950E65C18E740B100898C17 /* RecastLayers.cpp */; };
		E950E69018E740B100898C17 /* RecastMesh.cpp in Sources */ = {isa = PBXBuildFile; fileRef = E950E65D18E740B100898C17 /* RecastMesh.cpp */; };
		E950E69118E740B100898C17 /* RecastMeshDetail.cpp in Sources */ = {isa = PBXBuildFile; fileRef = E950E65E18E740B100898C17 /* RecastMeshDetail.cpp */; };
		E950E69218E740B100898C17 /* RecastRasterization.cpp in Sources */ = {isa = PBXBuildFile; fileRef = E950E65F18E740B100898C17 /* RecastRasterization.cpp */; };
		E950E69318E740B100898C17 /* RecastRegion.cpp in Sources */ = {isa = PBXBuildFile; fileRef = E950E66018E740B100898C17 /* RecastRegion.cpp */; };
		E950E69618E7415900898C17 /* WHNavigation.cpp in Sources */ = {isa = PBXBuildFile; fileRef = E950E69418E7415900898C17 /* WHNavigation.cpp */; };
		E950E69718E7415900898C17 /* WHNavigation.h in Headers */ = {isa = PBXBuildFile; fileRef = E950E69518E7415900898C17 /* WHNavigation.h */; };
		E9CFA88F18E6082E0033E61B /* WHPlayer.cpp in Sources */ = {isa = PBXBuildFile; fileRef = E9CFA88D18E6082E0033E61B /* WHPlayer.cpp */; };
		E9CFA89018E6082E0033E61B /* WHPlayer.h in Headers */ = {isa = PBXBuildFile; fileRef = E9CFA88E18E6082E0033E61B /* WHPlayer.h */; };
		E9F8831218E7897D0020AFF2 /* WHSpawnPoint.cpp in Sources */ = {isa = PBXBuildFile; fileRef = E9F8831018E7897D0020AFF2 /* WHSpawnPoint.cpp */; };
		E9F8831318E7897D0020AFF2 /* WHSpawnPoint.h in Headers */ = {isa = PBXBuildFile; fileRef = E9F8831118E7897D0020AFF2 /* WHSpawnPoint.h */; };
/* End PBXBuildFile section */

/* Begin PBXFileReference section */
		D528741D18E5FF3300799F4F /* The White House.app */ = {isa = PBXFileReference; explicitFileType = wrapper.application; includeInIndex = 0; path = "The White House.app"; sourceTree = BUILT_PRODUCTS_DIR; };
		D528742118E5FF3300799F4F /* WHApplication.cpp */ = {isa = PBXFileReference; lastKnownFileType = sourcecode.cpp.cpp; name = WHApplication.cpp; path = Classes/WHApplication.cpp; sourceTree = "<group>"; };
		D528742318E5FF3300799F4F /* WHApplication.h */ = {isa = PBXFileReference; lastKnownFileType = sourcecode.c.h; name = WHApplication.h; path = Classes/WHApplication.h; sourceTree = "<group>"; };
		D528742418E5FF3300799F4F /* WHWorld.cpp */ = {isa = PBXFileReference; lastKnownFileType = sourcecode.cpp.cpp; name = WHWorld.cpp; path = Classes/WHWorld.cpp; sourceTree = "<group>"; };
		D528742618E5FF3300799F4F /* WHWorld.h */ = {isa = PBXFileReference; lastKnownFileType = sourcecode.c.h; name = WHWorld.h; path = Classes/WHWorld.h; sourceTree = "<group>"; };
		D528742818E5FF3300799F4F /* main.cpp */ = {isa = PBXFileReference; lastKnownFileType = sourcecode.cpp.cpp; name = main.cpp; path = "Supporting files/main.cpp"; sourceTree = "<group>"; };
		D528742A18E5FF3300799F4F /* The White House-Info.plist */ = {isa = PBXFileReference; lastKnownFileType = text.plist.xml; name = "The White House-Info.plist"; path = "Supporting files/The White House-Info.plist"; sourceTree = "<group>"; };
		D528742B18E5FF3300799F4F /* The White House-Prefix.pch */ = {isa = PBXFileReference; lastKnownFileType = sourcecode.c.h; name = "The White House-Prefix.pch"; path = "Supporting files/The White House-Prefix.pch"; sourceTree = "<group>"; };
		D528742E18E5FF3300799F4F /* manifest.json */ = {isa = PBXFileReference; lastKnownFileType = text.json; path = manifest.json; sourceTree = "<group>"; };
		D528742F18E5FF3300799F4F /* settings.json */ = {isa = PBXFileReference; lastKnownFileType = folder; name = settings.json; sourceTree = "<group>"; };
		D52E57A318E6D40900D693B8 /* WHBalloon.cpp */ = {isa = PBXFileReference; fileEncoding = 4; lastKnownFileType = sourcecode.cpp.cpp; name = WHBalloon.cpp; path = Classes/WHBalloon.cpp; sourceTree = "<group>"; };
		D52E57A418E6D40900D693B8 /* WHBalloon.h */ = {isa = PBXFileReference; fileEncoding = 4; lastKnownFileType = sourcecode.c.h; name = WHBalloon.h; path = Classes/WHBalloon.h; sourceTree = "<group>"; };
		D52E57A718E70BA700D693B8 /* WHSplatter.cpp */ = {isa = PBXFileReference; fileEncoding = 4; lastKnownFileType = sourcecode.cpp.cpp; name = WHSplatter.cpp; path = Classes/WHSplatter.cpp; sourceTree = "<group>"; };
		D52E57A818E70BA700D693B8 /* WHSplatter.h */ = {isa = PBXFileReference; fileEncoding = 4; lastKnownFileType = sourcecode.c.h; name = WHSplatter.h; path = Classes/WHSplatter.h; sourceTree = "<group>"; };
		D52E57AB18E7149000D693B8 /* WHDoor.cpp */ = {isa = PBXFileReference; fileEncoding = 4; lastKnownFileType = sourcecode.cpp.cpp; name = WHDoor.cpp; path = Classes/WHDoor.cpp; sourceTree = "<group>"; };
		D52E57AC18E7149000D693B8 /* WHDoor.h */ = {isa = PBXFileReference; fileEncoding = 4; lastKnownFileType = sourcecode.c.h; name = WHDoor.h; path = Classes/WHDoor.h; sourceTree = "<group>"; };
		E9505DB218E78FE80010DC55 /* WHDecoy.cpp */ = {isa = PBXFileReference; fileEncoding = 4; lastKnownFileType = sourcecode.cpp.cpp; name = WHDecoy.cpp; path = Classes/WHDecoy.cpp; sourceTree = "<group>"; };
		E9505DB318E78FE80010DC55 /* WHDecoy.h */ = {isa = PBXFileReference; fileEncoding = 4; lastKnownFileType = sourcecode.c.h; name = WHDecoy.h; path = Classes/WHDecoy.h; sourceTree = "<group>"; };
		E950E5D718E636C200898C17 /* WHStaticEntity.cpp */ = {isa = PBXFileReference; fileEncoding = 4; lastKnownFileType = sourcecode.cpp.cpp; name = WHStaticEntity.cpp; path = Classes/WHStaticEntity.cpp; sourceTree = "<group>"; };
		E950E5D818E636C200898C17 /* WHStaticEntity.h */ = {isa = PBXFileReference; fileEncoding = 4; lastKnownFileType = sourcecode.c.h; name = WHStaticEntity.h; path = Classes/WHStaticEntity.h; sourceTree = "<group>"; };
		E950E5DB18E64BE000898C17 /* WHCritter.cpp */ = {isa = PBXFileReference; fileEncoding = 4; lastKnownFileType = sourcecode.cpp.cpp; name = WHCritter.cpp; path = Classes/WHCritter.cpp; sourceTree = "<group>"; };
		E950E5DC18E64BE000898C17 /* WHCritter.h */ = {isa = PBXFileReference; fileEncoding = 4; lastKnownFileType = sourcecode.c.h; name = WHCritter.h; path = Classes/WHCritter.h; sourceTree = "<group>"; };
		E950E61818E6FB4900898C17 /* WHDefinition.h */ = {isa = PBXFileReference; lastKnownFileType = sourcecode.c.h; name = WHDefinition.h; path = Classes/WHDefinition.h; sourceTree = "<group>"; };
		E950E61B18E740B100898C17 /* CMakeLists.txt */ = {isa = PBXFileReference; fileEncoding = 4; lastKnownFileType = text; path = CMakeLists.txt; sourceTree = "<group>"; };
		E950E61D18E740B100898C17 /* DebugDraw.h */ = {isa = PBXFileReference; fileEncoding = 4; lastKnownFileType = sourcecode.c.h; path = DebugDraw.h; sourceTree = "<group>"; };
		E950E61E18E740B100898C17 /* DetourDebugDraw.h */ = {isa = PBXFileReference; fileEncoding = 4; lastKnownFileType = sourcecode.c.h; path = DetourDebugDraw.h; sourceTree = "<group>"; };
		E950E61F18E740B100898C17 /* RecastDebugDraw.h */ = {isa = PBXFileReference; fileEncoding = 4; lastKnownFileType = sourcecode.c.h; path = RecastDebugDraw.h; sourceTree = "<group>"; };
		E950E62018E740B100898C17 /* RecastDump.h */ = {isa = PBXFileReference; fileEncoding = 4; lastKnownFileType = sourcecode.c.h; path = RecastDump.h; sourceTree = "<group>"; };
		E950E62218E740B100898C17 /* DebugDraw.cpp */ = {isa = PBXFileReference; fileEncoding = 4; lastKnownFileType = sourcecode.cpp.cpp; path = DebugDraw.cpp; sourceTree = "<group>"; };
		E950E62318E740B100898C17 /* DetourDebugDraw.cpp */ = {isa = PBXFileReference; fileEncoding = 4; lastKnownFileType = sourcecode.cpp.cpp; path = DetourDebugDraw.cpp; sourceTree = "<group>"; };
		E950E62418E740B100898C17 /* RecastDebugDraw.cpp */ = {isa = PBXFileReference; fileEncoding = 4; lastKnownFileType = sourcecode.cpp.cpp; path = RecastDebugDraw.cpp; sourceTree = "<group>"; };
		E950E62518E740B100898C17 /* RecastDump.cpp */ = {isa = PBXFileReference; fileEncoding = 4; lastKnownFileType = sourcecode.cpp.cpp; path = RecastDump.cpp; sourceTree = "<group>"; };
		E950E62718E740B100898C17 /* CMakeLists.txt */ = {isa = PBXFileReference; fileEncoding = 4; lastKnownFileType = text; path = CMakeLists.txt; sourceTree = "<group>"; };
		E950E62918E740B100898C17 /* DetourAlloc.h */ = {isa = PBXFileReference; fileEncoding = 4; lastKnownFileType = sourcecode.c.h; path = DetourAlloc.h; sourceTree = "<group>"; };
		E950E62A18E740B100898C17 /* DetourAssert.h */ = {isa = PBXFileReference; fileEncoding = 4; lastKnownFileType = sourcecode.c.h; path = DetourAssert.h; sourceTree = "<group>"; };
		E950E62B18E740B100898C17 /* DetourCommon.h */ = {isa = PBXFileReference; fileEncoding = 4; lastKnownFileType = sourcecode.c.h; path = DetourCommon.h; sourceTree = "<group>"; };
		E950E62C18E740B100898C17 /* DetourNavMesh.h */ = {isa = PBXFileReference; fileEncoding = 4; lastKnownFileType = sourcecode.c.h; path = DetourNavMesh.h; sourceTree = "<group>"; };
		E950E62D18E740B100898C17 /* DetourNavMeshBuilder.h */ = {isa = PBXFileReference; fileEncoding = 4; lastKnownFileType = sourcecode.c.h; path = DetourNavMeshBuilder.h; sourceTree = "<group>"; };
		E950E62E18E740B100898C17 /* DetourNavMeshQuery.h */ = {isa = PBXFileReference; fileEncoding = 4; lastKnownFileType = sourcecode.c.h; path = DetourNavMeshQuery.h; sourceTree = "<group>"; };
		E950E62F18E740B100898C17 /* DetourNode.h */ = {isa = PBXFileReference; fileEncoding = 4; lastKnownFileType = sourcecode.c.h; path = DetourNode.h; sourceTree = "<group>"; };
		E950E63018E740B100898C17 /* DetourStatus.h */ = {isa = PBXFileReference; fileEncoding = 4; lastKnownFileType = sourcecode.c.h; path = DetourStatus.h; sourceTree = "<group>"; };
		E950E63218E740B100898C17 /* DetourAlloc.cpp */ = {isa = PBXFileReference; fileEncoding = 4; lastKnownFileType = sourcecode.cpp.cpp; path = DetourAlloc.cpp; sourceTree = "<group>"; };
		E950E63318E740B100898C17 /* DetourCommon.cpp */ = {isa = PBXFileReference; fileEncoding = 4; lastKnownFileType = sourcecode.cpp.cpp; path = DetourCommon.cpp; sourceTree = "<group>"; };
		E950E63418E740B100898C17 /* DetourNavMesh.cpp */ = {isa = PBXFileReference; fileEncoding = 4; lastKnownFileType = sourcecode.cpp.cpp; path = DetourNavMesh.cpp; sourceTree = "<group>"; };
		E950E63518E740B100898C17 /* DetourNavMeshBuilder.cpp */ = {isa = PBXFileReference; fileEncoding = 4; lastKnownFileType = sourcecode.cpp.cpp; path = DetourNavMeshBuilder.cpp; sourceTree = "<group>"; };
		E950E63618E740B100898C17 /* DetourNavMeshQuery.cpp */ = {isa = PBXFileReference; fileEncoding = 4; lastKnownFileType = sourcecode.cpp.cpp; path = DetourNavMeshQuery.cpp; sourceTree = "<group>"; };
		E950E63718E740B100898C17 /* DetourNode.cpp */ = {isa = PBXFileReference; fileEncoding = 4; lastKnownFileType = sourcecode.cpp.cpp; path = DetourNode.cpp; sourceTree = "<group>"; };
		E950E63918E740B100898C17 /* CMakeLists.txt */ = {isa = PBXFileReference; fileEncoding = 4; lastKnownFileType = text; path = CMakeLists.txt; sourceTree = "<group>"; };
		E950E63B18E740B100898C17 /* DetourCrowd.h */ = {isa = PBXFileReference; fileEncoding = 4; lastKnownFileType = sourcecode.c.h; path = DetourCrowd.h; sourceTree = "<group>"; };
		E950E63C18E740B100898C17 /* DetourLocalBoundary.h */ = {isa = PBXFileReference; fileEncoding = 4; lastKnownFileType = sourcecode.c.h; path = DetourLocalBoundary.h; sourceTree = "<group>"; };
		E950E63D18E740B100898C17 /* DetourObstacleAvoidance.h */ = {isa = PBXFileReference; fileEncoding = 4; lastKnownFileType = sourcecode.c.h; path = DetourObstacleAvoidance.h; sourceTree = "<group>"; };
		E950E63E18E740B100898C17 /* DetourPathCorridor.h */ = {isa = PBXFileReference; fileEncoding = 4; lastKnownFileType = sourcecode.c.h; path = DetourPathCorridor.h; sourceTree = "<group>"; };
		E950E63F18E740B100898C17 /* DetourPathQueue.h */ = {isa = PBXFileReference; fileEncoding = 4; lastKnownFileType = sourcecode.c.h; path = DetourPathQueue.h; sourceTree = "<group>"; };
		E950E64018E740B100898C17 /* DetourProximityGrid.h */ = {isa = PBXFileReference; fileEncoding = 4; lastKnownFileType = sourcecode.c.h; path = DetourProximityGrid.h; sourceTree = "<group>"; };
		E950E64218E740B100898C17 /* DetourCrowd.cpp */ = {isa = PBXFileReference; fileEncoding = 4; lastKnownFileType = sourcecode.cpp.cpp; path = DetourCrowd.cpp; sourceTree = "<group>"; };
		E950E64318E740B100898C17 /* DetourLocalBoundary.cpp */ = {isa = PBXFileReference; fileEncoding = 4; lastKnownFileType = sourcecode.cpp.cpp; path = DetourLocalBoundary.cpp; sourceTree = "<group>"; };
		E950E64418E740B100898C17 /* DetourObstacleAvoidance.cpp */ = {isa = PBXFileReference; fileEncoding = 4; lastKnownFileType = sourcecode.cpp.cpp; path = DetourObstacleAvoidance.cpp; sourceTree = "<group>"; };
		E950E64518E740B100898C17 /* DetourPathCorridor.cpp */ = {isa = PBXFileReference; fileEncoding = 4; lastKnownFileType = sourcecode.cpp.cpp; path = DetourPathCorridor.cpp; sourceTree = "<group>"; };
		E950E64618E740B100898C17 /* DetourPathQueue.cpp */ = {isa = PBXFileReference; fileEncoding = 4; lastKnownFileType = sourcecode.cpp.cpp; path = DetourPathQueue.cpp; sourceTree = "<group>"; };
		E950E64718E740B100898C17 /* DetourProximityGrid.cpp */ = {isa = PBXFileReference; fileEncoding = 4; lastKnownFileType = sourcecode.cpp.cpp; path = DetourProximityGrid.cpp; sourceTree = "<group>"; };
		E950E64918E740B100898C17 /* CMakeLists.txt */ = {isa = PBXFileReference; fileEncoding = 4; lastKnownFileType = text; path = CMakeLists.txt; sourceTree = "<group>"; };
		E950E64B18E740B100898C17 /* DetourTileCache.h */ = {isa = PBXFileReference; fileEncoding = 4; lastKnownFileType = sourcecode.c.h; path = DetourTileCache.h; sourceTree = "<group>"; };
		E950E64C18E740B100898C17 /* DetourTileCacheBuilder.h */ = {isa = PBXFileReference; fileEncoding = 4; lastKnownFileType = sourcecode.c.h; path = DetourTileCacheBuilder.h; sourceTree = "<group>"; };
		E950E64E18E740B100898C17 /* DetourTileCache.cpp */ = {isa = PBXFileReference; fileEncoding = 4; lastKnownFileType = sourcecode.cpp.cpp; path = DetourTileCache.cpp; sourceTree = "<group>"; };
		E950E64F18E740B100898C17 /* DetourTileCacheBuilder.cpp */ = {isa = PBXFileReference; fileEncoding = 4; lastKnownFileType = sourcecode.cpp.cpp; path = DetourTileCacheBuilder.cpp; sourceTree = "<group>"; };
		E950E65118E740B100898C17 /* CMakeLists.txt */ = {isa = PBXFileReference; fileEncoding = 4; lastKnownFileType = text; path = CMakeLists.txt; sourceTree = "<group>"; };
		E950E65318E740B100898C17 /* Recast.h */ = {isa = PBXFileReference; fileEncoding = 4; lastKnownFileType = sourcecode.c.h; path = Recast.h; sourceTree = "<group>"; };
		E950E65418E740B100898C17 /* RecastAlloc.h */ = {isa = PBXFileReference; fileEncoding = 4; lastKnownFileType = sourcecode.c.h; path = RecastAlloc.h; sourceTree = "<group>"; };
		E950E65518E740B100898C17 /* RecastAssert.h */ = {isa = PBXFileReference; fileEncoding = 4; lastKnownFileType = sourcecode.c.h; path = RecastAssert.h; sourceTree = "<group>"; };
		E950E65718E740B100898C17 /* Recast.cpp */ = {isa = PBXFileReference; fileEncoding = 4; lastKnownFileType = sourcecode.cpp.cpp; path = Recast.cpp; sourceTree = "<group>"; };
		E950E65818E740B100898C17 /* RecastAlloc.cpp */ = {isa = PBXFileReference; fileEncoding = 4; lastKnownFileType = sourcecode.cpp.cpp; path = RecastAlloc.cpp; sourceTree = "<group>"; };
		E950E65918E740B100898C17 /* RecastArea.cpp */ = {isa = PBXFileReference; fileEncoding = 4; lastKnownFileType = sourcecode.cpp.cpp; path = RecastArea.cpp; sourceTree = "<group>"; };
		E950E65A18E740B100898C17 /* RecastContour.cpp */ = {isa = PBXFileReference; fileEncoding = 4; lastKnownFileType = sourcecode.cpp.cpp; path = RecastContour.cpp; sourceTree = "<group>"; };
		E950E65B18E740B100898C17 /* RecastFilter.cpp */ = {isa = PBXFileReference; fileEncoding = 4; lastKnownFileType = sourcecode.cpp.cpp; path = RecastFilter.cpp; sourceTree = "<group>"; };
		E950E65C18E740B100898C17 /* RecastLayers.cpp */ = {isa = PBXFileReference; fileEncoding = 4; lastKnownFileType = sourcecode.cpp.cpp; path = RecastLayers.cpp; sourceTree = "<group>"; };
		E950E65D18E740B100898C17 /* RecastMesh.cpp */ = {isa = PBXFileReference; fileEncoding = 4; lastKnownFileType = sourcecode.cpp.cpp; path = RecastMesh.cpp; sourceTree = "<group>"; };
		E950E65E18E740B100898C17 /* RecastMeshDetail.cpp */ = {isa = PBXFileReference; fileEncoding = 4; lastKnownFileType = sourcecode.cpp.cpp; path = RecastMeshDetail.cpp; sourceTree = "<group>"; };
		E950E65F18E740B100898C17 /* RecastRasterization.cpp */ = {isa = PBXFileReference; fileEncoding = 4; lastKnownFileType = sourcecode.cpp.cpp; path = RecastRasterization.cpp; sourceTree = "<group>"; };
		E950E66018E740B100898C17 /* RecastRegion.cpp */ = {isa = PBXFileReference; fileEncoding = 4; lastKnownFileType = sourcecode.cpp.cpp; path = RecastRegion.cpp; sourceTree = "<group>"; };
		E950E69418E7415900898C17 /* WHNavigation.cpp */ = {isa = PBXFileReference; fileEncoding = 4; lastKnownFileType = sourcecode.cpp.cpp; name = WHNavigation.cpp; path = Classes/WHNavigation.cpp; sourceTree = "<group>"; };
		E950E69518E7415900898C17 /* WHNavigation.h */ = {isa = PBXFileReference; fileEncoding = 4; lastKnownFileType = sourcecode.c.h; name = WHNavigation.h; path = Classes/WHNavigation.h; sourceTree = "<group>"; };
		E9CFA88D18E6082E0033E61B /* WHPlayer.cpp */ = {isa = PBXFileReference; fileEncoding = 4; lastKnownFileType = sourcecode.cpp.cpp; name = WHPlayer.cpp; path = Classes/WHPlayer.cpp; sourceTree = "<group>"; };
		E9CFA88E18E6082E0033E61B /* WHPlayer.h */ = {isa = PBXFileReference; fileEncoding = 4; lastKnownFileType = sourcecode.c.h; name = WHPlayer.h; path = Classes/WHPlayer.h; sourceTree = "<group>"; };
		E9F8831018E7897D0020AFF2 /* WHSpawnPoint.cpp */ = {isa = PBXFileReference; fileEncoding = 4; lastKnownFileType = sourcecode.cpp.cpp; name = WHSpawnPoint.cpp; path = Classes/WHSpawnPoint.cpp; sourceTree = "<group>"; };
		E9F8831118E7897D0020AFF2 /* WHSpawnPoint.h */ = {isa = PBXFileReference; fileEncoding = 4; lastKnownFileType = sourcecode.c.h; name = WHSpawnPoint.h; path = Classes/WHSpawnPoint.h; sourceTree = "<group>"; };
/* End PBXFileReference section */

/* Begin PBXFrameworksBuildPhase section */
		D528741918E5FF3300799F4F /* Frameworks */ = {
			isa = PBXFrameworksBuildPhase;
			buildActionMask = 2147483647;
			files = (
			);
			runOnlyForDeploymentPostprocessing = 0;
		};
/* End PBXFrameworksBuildPhase section */

/* Begin PBXGroup section */
		D528741318E5FF3300799F4F = {
			isa = PBXGroup;
			children = (
				D528741F18E5FF3300799F4F /* The White House */,
				D528741E18E5FF3300799F4F /* Products */,
			);
			sourceTree = "<group>";
		};
		D528741E18E5FF3300799F4F /* Products */ = {
			isa = PBXGroup;
			children = (
				D528741D18E5FF3300799F4F /* The White House.app */,
			);
			name = Products;
			sourceTree = "<group>";
		};
		D528741F18E5FF3300799F4F /* The White House */ = {
			isa = PBXGroup;
			children = (
				D528742018E5FF3300799F4F /* Classes */,
				D528742D18E5FF3300799F4F /* Resources */,
				D528742718E5FF3300799F4F /* Supporting files */,
				E950E61918E740B100898C17 /* Vendor */,
			);
			path = "The White House";
			sourceTree = "<group>";
		};
		D528742018E5FF3300799F4F /* Classes */ = {
			isa = PBXGroup;
			children = (
				D528742118E5FF3300799F4F /* WHApplication.cpp */,
				D528742318E5FF3300799F4F /* WHApplication.h */,
				D528742418E5FF3300799F4F /* WHWorld.cpp */,
				D528742618E5FF3300799F4F /* WHWorld.h */,
				E9CFA88D18E6082E0033E61B /* WHPlayer.cpp */,
				E9CFA88E18E6082E0033E61B /* WHPlayer.h */,
				E950E5D718E636C200898C17 /* WHStaticEntity.cpp */,
				E950E5D818E636C200898C17 /* WHStaticEntity.h */,
				E950E5DB18E64BE000898C17 /* WHCritter.cpp */,
				E950E5DC18E64BE000898C17 /* WHCritter.h */,
				D52E57A318E6D40900D693B8 /* WHBalloon.cpp */,
				D52E57A418E6D40900D693B8 /* WHBalloon.h */,
				D52E57A718E70BA700D693B8 /* WHSplatter.cpp */,
				D52E57A818E70BA700D693B8 /* WHSplatter.h */,
				D52E57AB18E7149000D693B8 /* WHDoor.cpp */,
				D52E57AC18E7149000D693B8 /* WHDoor.h */,
				E950E69418E7415900898C17 /* WHNavigation.cpp */,
				E950E69518E7415900898C17 /* WHNavigation.h */,
				E9F8831018E7897D0020AFF2 /* WHSpawnPoint.cpp */,
				E950E61818E6FB4900898C17 /* WHDefinition.h */,
				E9F8831118E7897D0020AFF2 /* WHSpawnPoint.h */,
				E9505DB218E78FE80010DC55 /* WHDecoy.cpp */,
				E9505DB318E78FE80010DC55 /* WHDecoy.h */,
			);
			name = Classes;
			sourceTree = "<group>";
		};
		D528742718E5FF3300799F4F /* Supporting files */ = {
			isa = PBXGroup;
			children = (
				D528742818E5FF3300799F4F /* main.cpp */,
				D528742A18E5FF3300799F4F /* The White House-Info.plist */,
				D528742B18E5FF3300799F4F /* The White House-Prefix.pch */,
			);
			name = "Supporting files";
			sourceTree = "<group>";
		};
		D528742D18E5FF3300799F4F /* Resources */ = {
			isa = PBXGroup;
			children = (
				D528742E18E5FF3300799F4F /* manifest.json */,
				D528742F18E5FF3300799F4F /* settings.json */,
			);
			path = Resources;
			sourceTree = "<group>";
		};
		E950E61918E740B100898C17 /* Vendor */ = {
			isa = PBXGroup;
			children = (
				E950E61A18E740B100898C17 /* DebugUtils */,
				E950E62618E740B100898C17 /* Detour */,
				E950E63818E740B100898C17 /* DetourCrowd */,
				E950E64818E740B100898C17 /* DetourTileCache */,
				E950E65018E740B100898C17 /* Recast */,
			);
			path = Vendor;
			sourceTree = "<group>";
		};
		E950E61A18E740B100898C17 /* DebugUtils */ = {
			isa = PBXGroup;
			children = (
				E950E61B18E740B100898C17 /* CMakeLists.txt */,
				E950E61C18E740B100898C17 /* Include */,
				E950E62118E740B100898C17 /* Source */,
			);
			path = DebugUtils;
			sourceTree = "<group>";
		};
		E950E61C18E740B100898C17 /* Include */ = {
			isa = PBXGroup;
			children = (
				E950E61D18E740B100898C17 /* DebugDraw.h */,
				E950E61E18E740B100898C17 /* DetourDebugDraw.h */,
				E950E61F18E740B100898C17 /* RecastDebugDraw.h */,
				E950E62018E740B100898C17 /* RecastDump.h */,
			);
			path = Include;
			sourceTree = "<group>";
		};
		E950E62118E740B100898C17 /* Source */ = {
			isa = PBXGroup;
			children = (
				E950E62218E740B100898C17 /* DebugDraw.cpp */,
				E950E62318E740B100898C17 /* DetourDebugDraw.cpp */,
				E950E62418E740B100898C17 /* RecastDebugDraw.cpp */,
				E950E62518E740B100898C17 /* RecastDump.cpp */,
			);
			path = Source;
			sourceTree = "<group>";
		};
		E950E62618E740B100898C17 /* Detour */ = {
			isa = PBXGroup;
			children = (
				E950E62718E740B100898C17 /* CMakeLists.txt */,
				E950E62818E740B100898C17 /* Include */,
				E950E63118E740B100898C17 /* Source */,
			);
			path = Detour;
			sourceTree = "<group>";
		};
		E950E62818E740B100898C17 /* Include */ = {
			isa = PBXGroup;
			children = (
				E950E62918E740B100898C17 /* DetourAlloc.h */,
				E950E62A18E740B100898C17 /* DetourAssert.h */,
				E950E62B18E740B100898C17 /* DetourCommon.h */,
				E950E62C18E740B100898C17 /* DetourNavMesh.h */,
				E950E62D18E740B100898C17 /* DetourNavMeshBuilder.h */,
				E950E62E18E740B100898C17 /* DetourNavMeshQuery.h */,
				E950E62F18E740B100898C17 /* DetourNode.h */,
				E950E63018E740B100898C17 /* DetourStatus.h */,
			);
			path = Include;
			sourceTree = "<group>";
		};
		E950E63118E740B100898C17 /* Source */ = {
			isa = PBXGroup;
			children = (
				E950E63218E740B100898C17 /* DetourAlloc.cpp */,
				E950E63318E740B100898C17 /* DetourCommon.cpp */,
				E950E63418E740B100898C17 /* DetourNavMesh.cpp */,
				E950E63518E740B100898C17 /* DetourNavMeshBuilder.cpp */,
				E950E63618E740B100898C17 /* DetourNavMeshQuery.cpp */,
				E950E63718E740B100898C17 /* DetourNode.cpp */,
			);
			path = Source;
			sourceTree = "<group>";
		};
		E950E63818E740B100898C17 /* DetourCrowd */ = {
			isa = PBXGroup;
			children = (
				E950E63918E740B100898C17 /* CMakeLists.txt */,
				E950E63A18E740B100898C17 /* Include */,
				E950E64118E740B100898C17 /* Source */,
			);
			path = DetourCrowd;
			sourceTree = "<group>";
		};
		E950E63A18E740B100898C17 /* Include */ = {
			isa = PBXGroup;
			children = (
				E950E63B18E740B100898C17 /* DetourCrowd.h */,
				E950E63C18E740B100898C17 /* DetourLocalBoundary.h */,
				E950E63D18E740B100898C17 /* DetourObstacleAvoidance.h */,
				E950E63E18E740B100898C17 /* DetourPathCorridor.h */,
				E950E63F18E740B100898C17 /* DetourPathQueue.h */,
				E950E64018E740B100898C17 /* DetourProximityGrid.h */,
			);
			path = Include;
			sourceTree = "<group>";
		};
		E950E64118E740B100898C17 /* Source */ = {
			isa = PBXGroup;
			children = (
				E950E64218E740B100898C17 /* DetourCrowd.cpp */,
				E950E64318E740B100898C17 /* DetourLocalBoundary.cpp */,
				E950E64418E740B100898C17 /* DetourObstacleAvoidance.cpp */,
				E950E64518E740B100898C17 /* DetourPathCorridor.cpp */,
				E950E64618E740B100898C17 /* DetourPathQueue.cpp */,
				E950E64718E740B100898C17 /* DetourProximityGrid.cpp */,
			);
			path = Source;
			sourceTree = "<group>";
		};
		E950E64818E740B100898C17 /* DetourTileCache */ = {
			isa = PBXGroup;
			children = (
				E950E64918E740B100898C17 /* CMakeLists.txt */,
				E950E64A18E740B100898C17 /* Include */,
				E950E64D18E740B100898C17 /* Source */,
			);
			path = DetourTileCache;
			sourceTree = "<group>";
		};
		E950E64A18E740B100898C17 /* Include */ = {
			isa = PBXGroup;
			children = (
				E950E64B18E740B100898C17 /* DetourTileCache.h */,
				E950E64C18E740B100898C17 /* DetourTileCacheBuilder.h */,
			);
			path = Include;
			sourceTree = "<group>";
		};
		E950E64D18E740B100898C17 /* Source */ = {
			isa = PBXGroup;
			children = (
				E950E64E18E740B100898C17 /* DetourTileCache.cpp */,
				E950E64F18E740B100898C17 /* DetourTileCacheBuilder.cpp */,
			);
			path = Source;
			sourceTree = "<group>";
		};
		E950E65018E740B100898C17 /* Recast */ = {
			isa = PBXGroup;
			children = (
				E950E65118E740B100898C17 /* CMakeLists.txt */,
				E950E65218E740B100898C17 /* Include */,
				E950E65618E740B100898C17 /* Source */,
			);
			path = Recast;
			sourceTree = "<group>";
		};
		E950E65218E740B100898C17 /* Include */ = {
			isa = PBXGroup;
			children = (
				E950E65318E740B100898C17 /* Recast.h */,
				E950E65418E740B100898C17 /* RecastAlloc.h */,
				E950E65518E740B100898C17 /* RecastAssert.h */,
			);
			path = Include;
			sourceTree = "<group>";
		};
		E950E65618E740B100898C17 /* Source */ = {
			isa = PBXGroup;
			children = (
				E950E65718E740B100898C17 /* Recast.cpp */,
				E950E65818E740B100898C17 /* RecastAlloc.cpp */,
				E950E65918E740B100898C17 /* RecastArea.cpp */,
				E950E65A18E740B100898C17 /* RecastContour.cpp */,
				E950E65B18E740B100898C17 /* RecastFilter.cpp */,
				E950E65C18E740B100898C17 /* RecastLayers.cpp */,
				E950E65D18E740B100898C17 /* RecastMesh.cpp */,
				E950E65E18E740B100898C17 /* RecastMeshDetail.cpp */,
				E950E65F18E740B100898C17 /* RecastRasterization.cpp */,
				E950E66018E740B100898C17 /* RecastRegion.cpp */,
			);
			path = Source;
			sourceTree = "<group>";
		};
/* End PBXGroup section */

/* Begin PBXHeadersBuildPhase section */
		D528741A18E5FF3300799F4F /* Headers */ = {
			isa = PBXHeadersBuildPhase;
			buildActionMask = 2147483647;
			files = (
				D52E57AA18E70BA800D693B8 /* WHSplatter.h in Headers */,
				E950E66F18E740B100898C17 /* DetourNode.h in Headers */,
				E950E66918E740B100898C17 /* DetourAlloc.h in Headers */,
				E950E66E18E740B100898C17 /* DetourNavMeshQuery.h in Headers */,
				D52E57AE18E7149000D693B8 /* WHDoor.h in Headers */,
				E9CFA89018E6082E0033E61B /* WHPlayer.h in Headers */,
				E950E66A18E740B100898C17 /* DetourAssert.h in Headers */,
				E950E67918E740B100898C17 /* DetourObstacleAvoidance.h in Headers */,
				E950E68818E740B100898C17 /* RecastAlloc.h in Headers */,
				E950E5DE18E64BE000898C17 /* WHCritter.h in Headers */,
				E950E66318E740B100898C17 /* RecastDebugDraw.h in Headers */,
				E950E68318E740B100898C17 /* DetourTileCache.h in Headers */,
				D52E57A618E6D40900D693B8 /* WHBalloon.h in Headers */,
				E950E68718E740B100898C17 /* Recast.h in Headers */,
				E950E66D18E740B100898C17 /* DetourNavMeshBuilder.h in Headers */,
				E950E5DA18E636C200898C17 /* WHStaticEntity.h in Headers */,
				E950E68918E740B100898C17 /* RecastAssert.h in Headers */,
				E950E67A18E740B100898C17 /* DetourPathCorridor.h in Headers */,
				E950E67C18E740B100898C17 /* DetourProximityGrid.h in Headers */,
				E950E69718E7415900898C17 /* WHNavigation.h in Headers */,
				E950E67818E740B100898C17 /* DetourLocalBoundary.h in Headers */,
				E950E66218E740B100898C17 /* DetourDebugDraw.h in Headers */,
				E9F8831318E7897D0020AFF2 /* WHSpawnPoint.h in Headers */,
				E950E67718E740B100898C17 /* DetourCrowd.h in Headers */,
				E950E68418E740B100898C17 /* DetourTileCacheBuilder.h in Headers */,
				E9505DB518E78FE80010DC55 /* WHDecoy.h in Headers */,
				E950E66C18E740B100898C17 /* DetourNavMesh.h in Headers */,
				E950E66B18E740B100898C17 /* DetourCommon.h in Headers */,
				E950E66118E740B100898C17 /* DebugDraw.h in Headers */,
				E950E67B18E740B100898C17 /* DetourPathQueue.h in Headers */,
				E950E67018E740B100898C17 /* DetourStatus.h in Headers */,
				D528742C18E5FF3300799F4F /* The White House-Prefix.pch in Headers */,
				E950E66418E740B100898C17 /* RecastDump.h in Headers */,
			);
			runOnlyForDeploymentPostprocessing = 0;
		};
/* End PBXHeadersBuildPhase section */

/* Begin PBXNativeTarget section */
		D528741C18E5FF3300799F4F /* The White House */ = {
			isa = PBXNativeTarget;
			buildConfigurationList = D528743218E5FF3300799F4F /* Build configuration list for PBXNativeTarget "The White House" */;
			buildPhases = (
				D528741818E5FF3300799F4F /* Sources */,
				D528741918E5FF3300799F4F /* Frameworks */,
				D528741A18E5FF3300799F4F /* Headers */,
				D528741B18E5FF3300799F4F /* ShellScript */,
			);
			buildRules = (
			);
			dependencies = (
			);
			name = "The White House";
			productName = "The White House";
			productReference = D528741D18E5FF3300799F4F /* The White House.app */;
			productType = "com.apple.product-type.application";
		};
/* End PBXNativeTarget section */

/* Begin PBXProject section */
		D528741418E5FF3300799F4F /* Project object */ = {
			isa = PBXProject;
			attributes = {
				CLASSPREFIX = WH;
				LastUpgradeCheck = 0510;
				ORGANIZATIONNAME = "Überpixel";
			};
			buildConfigurationList = D528741718E5FF3300799F4F /* Build configuration list for PBXProject "The White House" */;
			compatibilityVersion = "Xcode 3.2";
			developmentRegion = English;
			hasScannedForEncodings = 0;
			knownRegions = (
				en,
			);
			mainGroup = D528741318E5FF3300799F4F;
			productRefGroup = D528741E18E5FF3300799F4F /* Products */;
			projectDirPath = "";
			projectRoot = "";
			targets = (
				D528741C18E5FF3300799F4F /* The White House */,
			);
		};
/* End PBXProject section */

/* Begin PBXShellScriptBuildPhase section */
		D528741B18E5FF3300799F4F /* ShellScript */ = {
			isa = PBXShellScriptBuildPhase;
			buildActionMask = 2147483647;
			files = (
			);
			inputPaths = (
			);
			outputPaths = (
			);
			runOnlyForDeploymentPostprocessing = 0;
			shellPath = /bin/sh;
			shellScript = "OUTPUT_DIR=\"$BUILT_PRODUCTS_DIR/$CONTENTS_FOLDER_PATH/Resources/\"\nRESOURCES_DIR=\"$PROJECT_DIR/$TARGET_NAME/Resources/\"\n\nrsync -avz \"$RESOURCES_DIR\" \"$OUTPUT_DIR\"\n\t\t\t\t\t";
		};
/* End PBXShellScriptBuildPhase section */

/* Begin PBXSourcesBuildPhase section */
		D528741818E5FF3300799F4F /* Sources */ = {
			isa = PBXSourcesBuildPhase;
			buildActionMask = 2147483647;
			files = (
				E950E69018E740B100898C17 /* RecastMesh.cpp in Sources */,
				E950E67218E740B100898C17 /* DetourCommon.cpp in Sources */,
				E950E68B18E740B100898C17 /* RecastAlloc.cpp in Sources */,
				E950E69318E740B100898C17 /* RecastRegion.cpp in Sources */,
				E950E68D18E740B100898C17 /* RecastContour.cpp in Sources */,
				E950E67E18E740B100898C17 /* DetourLocalBoundary.cpp in Sources */,
				E950E67118E740B100898C17 /* DetourAlloc.cpp in Sources */,
				E950E5D918E636C200898C17 /* WHStaticEntity.cpp in Sources */,
				E950E69118E740B100898C17 /* RecastMeshDetail.cpp in Sources */,
				D528742218E5FF3300799F4F /* WHApplication.cpp in Sources */,
				E950E67618E740B100898C17 /* DetourNode.cpp in Sources */,
				E950E68618E740B100898C17 /* DetourTileCacheBuilder.cpp in Sources */,
				E950E68E18E740B100898C17 /* RecastFilter.cpp in Sources */,
				E950E68018E740B100898C17 /* DetourPathCorridor.cpp in Sources */,
				E950E69618E7415900898C17 /* WHNavigation.cpp in Sources */,
				E9505DB418E78FE80010DC55 /* WHDecoy.cpp in Sources */,
				E950E69218E740B100898C17 /* RecastRasterization.cpp in Sources */,
				E950E67F18E740B100898C17 /* DetourObstacleAvoidance.cpp in Sources */,
				E9F8831218E7897D0020AFF2 /* WHSpawnPoint.cpp in Sources */,
				D52E57AD18E7149000D693B8 /* WHDoor.cpp in Sources */,
				E950E66718E740B100898C17 /* RecastDebugDraw.cpp in Sources */,
				E9CFA88F18E6082E0033E61B /* WHPlayer.cpp in Sources */,
				E950E67318E740B100898C17 /* DetourNavMesh.cpp in Sources */,
				E950E67518E740B100898C17 /* DetourNavMeshQuery.cpp in Sources */,
				E950E68F18E740B100898C17 /* RecastLayers.cpp in Sources */,
				E950E67D18E740B100898C17 /* DetourCrowd.cpp in Sources */,
				E950E68C18E740B100898C17 /* RecastArea.cpp in Sources */,
				D528742518E5FF3300799F4F /* WHWorld.cpp in Sources */,
				D52E57A518E6D40900D693B8 /* WHBalloon.cpp in Sources */,
				E950E68A18E740B100898C17 /* Recast.cpp in Sources */,
				E950E67418E740B100898C17 /* DetourNavMeshBuilder.cpp in Sources */,
				E950E68118E740B100898C17 /* DetourPathQueue.cpp in Sources */,
				E950E66618E740B100898C17 /* DetourDebugDraw.cpp in Sources */,
				D52E57A918E70BA800D693B8 /* WHSplatter.cpp in Sources */,
				E950E5DD18E64BE000898C17 /* WHCritter.cpp in Sources */,
				E950E68218E740B100898C17 /* DetourProximityGrid.cpp in Sources */,
				D528742918E5FF3300799F4F /* main.cpp in Sources */,
				E950E68518E740B100898C17 /* DetourTileCache.cpp in Sources */,
				E950E66818E740B100898C17 /* RecastDump.cpp in Sources */,
				E950E66518E740B100898C17 /* DebugDraw.cpp in Sources */,
			);
			runOnlyForDeploymentPostprocessing = 0;
		};
/* End PBXSourcesBuildPhase section */

/* Begin XCBuildConfiguration section */
		D528743018E5FF3300799F4F /* Debug */ = {
			isa = XCBuildConfiguration;
			buildSettings = {
				ALWAYS_SEARCH_USER_PATHS = NO;
				CLANG_CXX_LANGUAGE_STANDARD = "gnu++0x";
				CLANG_CXX_LIBRARY = "libc++";
				CLANG_ENABLE_MODULES = YES;
				CLANG_ENABLE_OBJC_ARC = YES;
				CLANG_WARN_BOOL_CONVERSION = YES;
				CLANG_WARN_CONSTANT_CONVERSION = YES;
				CLANG_WARN_DIRECT_OBJC_ISA_USAGE = YES_ERROR;
				CLANG_WARN_EMPTY_BODY = YES;
				CLANG_WARN_ENUM_CONVERSION = YES;
				CLANG_WARN_INT_CONVERSION = YES;
				CLANG_WARN_OBJC_ROOT_CLASS = YES_ERROR;
				CLANG_WARN__DUPLICATE_METHOD_MATCH = YES;
				COPY_PHASE_STRIP = NO;
				GCC_C_LANGUAGE_STANDARD = gnu99;
				GCC_DYNAMIC_NO_PIC = NO;
				GCC_ENABLE_OBJC_EXCEPTIONS = YES;
				GCC_OPTIMIZATION_LEVEL = 0;
				GCC_PREPROCESSOR_DEFINITIONS = (
					"DEBUG=1",
					"$(inherited)",
				);
				GCC_SYMBOLS_PRIVATE_EXTERN = NO;
				GCC_WARN_64_TO_32_BIT_CONVERSION = YES;
				GCC_WARN_ABOUT_RETURN_TYPE = YES_ERROR;
				GCC_WARN_UNDECLARED_SELECTOR = YES;
				GCC_WARN_UNINITIALIZED_AUTOS = YES_AGGRESSIVE;
				GCC_WARN_UNUSED_FUNCTION = YES;
				GCC_WARN_UNUSED_VARIABLE = YES;
				MACOSX_DEPLOYMENT_TARGET = 10.9;
				ONLY_ACTIVE_ARCH = YES;
				SDKROOT = macosx;
			};
			name = Debug;
		};
		D528743118E5FF3300799F4F /* Release */ = {
			isa = XCBuildConfiguration;
			buildSettings = {
				ALWAYS_SEARCH_USER_PATHS = NO;
				CLANG_CXX_LANGUAGE_STANDARD = "gnu++0x";
				CLANG_CXX_LIBRARY = "libc++";
				CLANG_ENABLE_MODULES = YES;
				CLANG_ENABLE_OBJC_ARC = YES;
				CLANG_WARN_BOOL_CONVERSION = YES;
				CLANG_WARN_CONSTANT_CONVERSION = YES;
				CLANG_WARN_DIRECT_OBJC_ISA_USAGE = YES_ERROR;
				CLANG_WARN_EMPTY_BODY = YES;
				CLANG_WARN_ENUM_CONVERSION = YES;
				CLANG_WARN_INT_CONVERSION = YES;
				CLANG_WARN_OBJC_ROOT_CLASS = YES_ERROR;
				CLANG_WARN__DUPLICATE_METHOD_MATCH = YES;
				COPY_PHASE_STRIP = YES;
				DEBUG_INFORMATION_FORMAT = "dwarf-with-dsym";
				ENABLE_NS_ASSERTIONS = NO;
				GCC_C_LANGUAGE_STANDARD = gnu99;
				GCC_ENABLE_OBJC_EXCEPTIONS = YES;
				GCC_WARN_64_TO_32_BIT_CONVERSION = YES;
				GCC_WARN_ABOUT_RETURN_TYPE = YES_ERROR;
				GCC_WARN_UNDECLARED_SELECTOR = YES;
				GCC_WARN_UNINITIALIZED_AUTOS = YES_AGGRESSIVE;
				GCC_WARN_UNUSED_FUNCTION = YES;
				GCC_WARN_UNUSED_VARIABLE = YES;
				MACOSX_DEPLOYMENT_TARGET = 10.9;
				SDKROOT = macosx;
			};
			name = Release;
		};
		D528743318E5FF3300799F4F /* Debug */ = {
			isa = XCBuildConfiguration;
			buildSettings = {
				GCC_PRECOMPILE_PREFIX_HEADER = YES;
				GCC_PREFIX_HEADER = "The White House/Supporting files/The White House-Prefix.pch";
				HEADER_SEARCH_PATHS = (
					"$(inherited)",
					/usr/local/include/rayne/,
					"\"$(SRCROOT)/The White House/Resources/Modules/Bullet/include\"",
				);
				INFOPLIST_FILE = "The White House/Supporting files/The White House-Info.plist";
				LIBRARY_SEARCH_PATHS = (
					"$(inherited)",
					/usr/local/lib/,
					"\"$(SRCROOT)/The White House/Resources/Modules/Bullet\"",
				);
				OTHER_LDFLAGS = (
					"-lRayne",
					"-lrayne-bullet",
				);
				PRODUCT_NAME = "$(TARGET_NAME)";
				WRAPPER_EXTENSION = app;
			};
			name = Debug;
		};
		D528743418E5FF3300799F4F /* Release */ = {
			isa = XCBuildConfiguration;
			buildSettings = {
				GCC_PRECOMPILE_PREFIX_HEADER = YES;
				GCC_PREFIX_HEADER = "The White House/Supporting files/The White House-Prefix.pch";
				GCC_PREPROCESSOR_DEFINITIONS = (
					"$(inherited)",
					"NDEBUG=1",
				);
				HEADER_SEARCH_PATHS = (
					"$(inherited)",
					/usr/local/include/rayne/,
					"\"$(SRCROOT)/The White House/Resources/Modules/Bullet/include\"",
				);
				INFOPLIST_FILE = "The White House/Supporting files/The White House-Info.plist";
				LIBRARY_SEARCH_PATHS = (
					"$(inherited)",
					/usr/local/lib/,
					"\"$(SRCROOT)/The White House/Resources/Modules/Bullet\"",
				);
				OTHER_LDFLAGS = (
					"-lRayne",
					"-lrayne-bullet",
				);
				PRODUCT_NAME = "$(TARGET_NAME)";
				WRAPPER_EXTENSION = app;
			};
			name = Release;
		};
/* End XCBuildConfiguration section */

/* Begin XCConfigurationList section */
		D528741718E5FF3300799F4F /* Build configuration list for PBXProject "The White House" */ = {
			isa = XCConfigurationList;
			buildConfigurations = (
				D528743018E5FF3300799F4F /* Debug */,
				D528743118E5FF3300799F4F /* Release */,
			);
			defaultConfigurationIsVisible = 0;
			defaultConfigurationName = Release;
		};
		D528743218E5FF3300799F4F /* Build configuration list for PBXNativeTarget "The White House" */ = {
			isa = XCConfigurationList;
			buildConfigurations = (
				D528743318E5FF3300799F4F /* Debug */,
				D528743418E5FF3300799F4F /* Release */,
			);
			defaultConfigurationIsVisible = 0;
			defaultConfigurationName = Release;
		};
/* End XCConfigurationList section */
	};
	rootObject = D528741418E5FF3300799F4F /* Project object */;
}
